// !$*UTF8*$!
{
	archiveVersion = 1;
	classes = {
	};
	objectVersion = 46;
	objects = {

/* Begin PBXBuildFile section */
		1B5735801E73359700AFF3A2 /* AppDelegate.swift in Sources */ = {isa = PBXBuildFile; fileRef = 1B57357F1E73359700AFF3A2 /* AppDelegate.swift */; };
		1B5735861E73359700AFF3A2 /* GameScene.swift in Sources */ = {isa = PBXBuildFile; fileRef = 1B5735851E73359700AFF3A2 /* GameScene.swift */; };
		1B5735881E73359700AFF3A2 /* GameViewController.swift in Sources */ = {isa = PBXBuildFile; fileRef = 1B5735871E73359700AFF3A2 /* GameViewController.swift */; };
		1B57358B1E73359700AFF3A2 /* Main.storyboard in Resources */ = {isa = PBXBuildFile; fileRef = 1B5735891E73359700AFF3A2 /* Main.storyboard */; };
		1B57358D1E73359700AFF3A2 /* Assets.xcassets in Resources */ = {isa = PBXBuildFile; fileRef = 1B57358C1E73359700AFF3A2 /* Assets.xcassets */; };
		1B5735901E73359700AFF3A2 /* LaunchScreen.storyboard in Resources */ = {isa = PBXBuildFile; fileRef = 1B57358E1E73359700AFF3A2 /* LaunchScreen.storyboard */; };
		1B57359B1E73359700AFF3A2 /* spaceTests.swift in Sources */ = {isa = PBXBuildFile; fileRef = 1B57359A1E73359700AFF3A2 /* spaceTests.swift */; };
		1B5735A61E73359700AFF3A2 /* spaceUITests.swift in Sources */ = {isa = PBXBuildFile; fileRef = 1B5735A51E73359700AFF3A2 /* spaceUITests.swift */; };
		1B5735B41E733D2F00AFF3A2 /* GameScene.sks in Resources */ = {isa = PBXBuildFile; fileRef = 1B5735B31E733D2F00AFF3A2 /* GameScene.sks */; };
		1B5735B61E733DDB00AFF3A2 /* Actions.sks in Resources */ = {isa = PBXBuildFile; fileRef = 1B5735B51E733DDB00AFF3A2 /* Actions.sks */; };
/* End PBXBuildFile section */

/* Begin PBXContainerItemProxy section */
		1B5735971E73359700AFF3A2 /* PBXContainerItemProxy */ = {
			isa = PBXContainerItemProxy;
			containerPortal = 1B5735741E73359700AFF3A2 /* Project object */;
			proxyType = 1;
			remoteGlobalIDString = 1B57357B1E73359700AFF3A2;
			remoteInfo = space;
		};
		1B5735A21E73359700AFF3A2 /* PBXContainerItemProxy */ = {
			isa = PBXContainerItemProxy;
			containerPortal = 1B5735741E73359700AFF3A2 /* Project object */;
			proxyType = 1;
			remoteGlobalIDString = 1B57357B1E73359700AFF3A2;
			remoteInfo = space;
		};
/* End PBXContainerItemProxy section */

/* Begin PBXFileReference section */
		1B57357C1E73359700AFF3A2 /* space.app */ = {isa = PBXFileReference; explicitFileType = wrapper.application; includeInIndex = 0; path = space.app; sourceTree = BUILT_PRODUCTS_DIR; };
		1B57357F1E73359700AFF3A2 /* AppDelegate.swift */ = {isa = PBXFileReference; lastKnownFileType = sourcecode.swift; path = AppDelegate.swift; sourceTree = "<group>"; };
		1B5735851E73359700AFF3A2 /* GameScene.swift */ = {isa = PBXFileReference; lastKnownFileType = sourcecode.swift; path = GameScene.swift; sourceTree = "<group>"; };
		1B5735871E73359700AFF3A2 /* GameViewController.swift */ = {isa = PBXFileReference; lastKnownFileType = sourcecode.swift; path = GameViewController.swift; sourceTree = "<group>"; };
		1B57358A1E73359700AFF3A2 /* Base */ = {isa = PBXFileReference; lastKnownFileType = file.storyboard; name = Base; path = Base.lproj/Main.storyboard; sourceTree = "<group>"; };
		1B57358C1E73359700AFF3A2 /* Assets.xcassets */ = {isa = PBXFileReference; lastKnownFileType = folder.assetcatalog; path = Assets.xcassets; sourceTree = "<group>"; };
		1B57358F1E73359700AFF3A2 /* Base */ = {isa = PBXFileReference; lastKnownFileType = file.storyboard; name = Base; path = Base.lproj/LaunchScreen.storyboard; sourceTree = "<group>"; };
		1B5735911E73359700AFF3A2 /* Info.plist */ = {isa = PBXFileReference; lastKnownFileType = text.plist.xml; path = Info.plist; sourceTree = "<group>"; };
		1B5735961E73359700AFF3A2 /* spaceTests.xctest */ = {isa = PBXFileReference; explicitFileType = wrapper.cfbundle; includeInIndex = 0; path = spaceTests.xctest; sourceTree = BUILT_PRODUCTS_DIR; };
		1B57359A1E73359700AFF3A2 /* spaceTests.swift */ = {isa = PBXFileReference; lastKnownFileType = sourcecode.swift; path = spaceTests.swift; sourceTree = "<group>"; };
		1B57359C1E73359700AFF3A2 /* Info.plist */ = {isa = PBXFileReference; lastKnownFileType = text.plist.xml; path = Info.plist; sourceTree = "<group>"; };
		1B5735A11E73359700AFF3A2 /* spaceUITests.xctest */ = {isa = PBXFileReference; explicitFileType = wrapper.cfbundle; includeInIndex = 0; path = spaceUITests.xctest; sourceTree = BUILT_PRODUCTS_DIR; };
		1B5735A51E73359700AFF3A2 /* spaceUITests.swift */ = {isa = PBXFileReference; lastKnownFileType = sourcecode.swift; path = spaceUITests.swift; sourceTree = "<group>"; };
		1B5735A71E73359700AFF3A2 /* Info.plist */ = {isa = PBXFileReference; lastKnownFileType = text.plist.xml; path = Info.plist; sourceTree = "<group>"; };
		1B5735B31E733D2F00AFF3A2 /* GameScene.sks */ = {isa = PBXFileReference; lastKnownFileType = file.sks; path = GameScene.sks; sourceTree = "<group>"; };
		1B5735B51E733DDB00AFF3A2 /* Actions.sks */ = {isa = PBXFileReference; lastKnownFileType = file.sks; path = Actions.sks; sourceTree = "<group>"; };
/* End PBXFileReference section */

/* Begin PBXFrameworksBuildPhase section */
		1B5735791E73359700AFF3A2 /* Frameworks */ = {
			isa = PBXFrameworksBuildPhase;
			buildActionMask = 2147483647;
			files = (
			);
			runOnlyForDeploymentPostprocessing = 0;
		};
		1B5735931E73359700AFF3A2 /* Frameworks */ = {
			isa = PBXFrameworksBuildPhase;
			buildActionMask = 2147483647;
			files = (
			);
			runOnlyForDeploymentPostprocessing = 0;
		};
		1B57359E1E73359700AFF3A2 /* Frameworks */ = {
			isa = PBXFrameworksBuildPhase;
			buildActionMask = 2147483647;
			files = (
			);
			runOnlyForDeploymentPostprocessing = 0;
		};
/* End PBXFrameworksBuildPhase section */

/* Begin PBXGroup section */
		1B5735731E73359700AFF3A2 = {
			isa = PBXGroup;
			children = (
				1B57357E1E73359700AFF3A2 /* space */,
				1B5735991E73359700AFF3A2 /* spaceTests */,
				1B5735A41E73359700AFF3A2 /* spaceUITests */,
				1B57357D1E73359700AFF3A2 /* Products */,
			);
			sourceTree = "<group>";
		};
		1B57357D1E73359700AFF3A2 /* Products */ = {
			isa = PBXGroup;
			children = (
				1B57357C1E73359700AFF3A2 /* space.app */,
				1B5735961E73359700AFF3A2 /* spaceTests.xctest */,
				1B5735A11E73359700AFF3A2 /* spaceUITests.xctest */,
			);
			name = Products;
			sourceTree = "<group>";
		};
		1B57357E1E73359700AFF3A2 /* space */ = {
			isa = PBXGroup;
			children = (
				1B5735B51E733DDB00AFF3A2 /* Actions.sks */,
				1B57357F1E73359700AFF3A2 /* AppDelegate.swift */,
				1B5735851E73359700AFF3A2 /* GameScene.swift */,
				1B5735B31E733D2F00AFF3A2 /* GameScene.sks */,
				1B5735871E73359700AFF3A2 /* GameViewController.swift */,
				1B5735891E73359700AFF3A2 /* Main.storyboard */,
				1B57358C1E73359700AFF3A2 /* Assets.xcassets */,
				1B57358E1E73359700AFF3A2 /* LaunchScreen.storyboard */,
				1B5735911E73359700AFF3A2 /* Info.plist */,
			);
			path = space;
			sourceTree = "<group>";
		};
		1B5735991E73359700AFF3A2 /* spaceTests */ = {
			isa = PBXGroup;
			children = (
				1B57359A1E73359700AFF3A2 /* spaceTests.swift */,
				1B57359C1E73359700AFF3A2 /* Info.plist */,
			);
			path = spaceTests;
			sourceTree = "<group>";
		};
		1B5735A41E73359700AFF3A2 /* spaceUITests */ = {
			isa = PBXGroup;
			children = (
				1B5735A51E73359700AFF3A2 /* spaceUITests.swift */,
				1B5735A71E73359700AFF3A2 /* Info.plist */,
			);
			path = spaceUITests;
			sourceTree = "<group>";
		};
/* End PBXGroup section */

/* Begin PBXNativeTarget section */
		1B57357B1E73359700AFF3A2 /* space */ = {
			isa = PBXNativeTarget;
			buildConfigurationList = 1B5735AA1E73359700AFF3A2 /* Build configuration list for PBXNativeTarget "space" */;
			buildPhases = (
				1B5735781E73359700AFF3A2 /* Sources */,
				1B5735791E73359700AFF3A2 /* Frameworks */,
				1B57357A1E73359700AFF3A2 /* Resources */,
			);
			buildRules = (
			);
			dependencies = (
			);
			name = space;
			productName = space;
			productReference = 1B57357C1E73359700AFF3A2 /* space.app */;
			productType = "com.apple.product-type.application";
		};
		1B5735951E73359700AFF3A2 /* spaceTests */ = {
			isa = PBXNativeTarget;
			buildConfigurationList = 1B5735AD1E73359700AFF3A2 /* Build configuration list for PBXNativeTarget "spaceTests" */;
			buildPhases = (
				1B5735921E73359700AFF3A2 /* Sources */,
				1B5735931E73359700AFF3A2 /* Frameworks */,
				1B5735941E73359700AFF3A2 /* Resources */,
			);
			buildRules = (
			);
			dependencies = (
				1B5735981E73359700AFF3A2 /* PBXTargetDependency */,
			);
			name = spaceTests;
			productName = spaceTests;
			productReference = 1B5735961E73359700AFF3A2 /* spaceTests.xctest */;
			productType = "com.apple.product-type.bundle.unit-test";
		};
		1B5735A01E73359700AFF3A2 /* spaceUITests */ = {
			isa = PBXNativeTarget;
			buildConfigurationList = 1B5735B01E73359700AFF3A2 /* Build configuration list for PBXNativeTarget "spaceUITests" */;
			buildPhases = (
				1B57359D1E73359700AFF3A2 /* Sources */,
				1B57359E1E73359700AFF3A2 /* Frameworks */,
				1B57359F1E73359700AFF3A2 /* Resources */,
			);
			buildRules = (
			);
			dependencies = (
				1B5735A31E73359700AFF3A2 /* PBXTargetDependency */,
			);
			name = spaceUITests;
			productName = spaceUITests;
			productReference = 1B5735A11E73359700AFF3A2 /* spaceUITests.xctest */;
			productType = "com.apple.product-type.bundle.ui-testing";
		};
/* End PBXNativeTarget section */

/* Begin PBXProject section */
		1B5735741E73359700AFF3A2 /* Project object */ = {
			isa = PBXProject;
			attributes = {
				LastSwiftUpdateCheck = 0820;
				LastUpgradeCheck = 0820;
				ORGANIZATIONNAME = "Justin Chang";
				TargetAttributes = {
					1B57357B1E73359700AFF3A2 = {
						CreatedOnToolsVersion = 8.2.1;
						ProvisioningStyle = Automatic;
					};
					1B5735951E73359700AFF3A2 = {
						CreatedOnToolsVersion = 8.2.1;
						ProvisioningStyle = Automatic;
						TestTargetID = 1B57357B1E73359700AFF3A2;
					};
					1B5735A01E73359700AFF3A2 = {
						CreatedOnToolsVersion = 8.2.1;
						ProvisioningStyle = Automatic;
						TestTargetID = 1B57357B1E73359700AFF3A2;
					};
				};
			};
			buildConfigurationList = 1B5735771E73359700AFF3A2 /* Build configuration list for PBXProject "space" */;
			compatibilityVersion = "Xcode 3.2";
			developmentRegion = English;
			hasScannedForEncodings = 0;
			knownRegions = (
				en,
				Base,
			);
			mainGroup = 1B5735731E73359700AFF3A2;
			productRefGroup = 1B57357D1E73359700AFF3A2 /* Products */;
			projectDirPath = "";
			projectRoot = "";
			targets = (
				1B57357B1E73359700AFF3A2 /* space */,
				1B5735951E73359700AFF3A2 /* spaceTests */,
				1B5735A01E73359700AFF3A2 /* spaceUITests */,
			);
		};
/* End PBXProject section */

/* Begin PBXResourcesBuildPhase section */
		1B57357A1E73359700AFF3A2 /* Resources */ = {
			isa = PBXResourcesBuildPhase;
			buildActionMask = 2147483647;
			files = (
				1B5735B41E733D2F00AFF3A2 /* GameScene.sks in Resources */,
				1B57358B1E73359700AFF3A2 /* Main.storyboard in Resources */,
				1B57358D1E73359700AFF3A2 /* Assets.xcassets in Resources */,
				1B5735901E73359700AFF3A2 /* LaunchScreen.storyboard in Resources */,
				1B5735B61E733DDB00AFF3A2 /* Actions.sks in Resources */,
			);
			runOnlyForDeploymentPostprocessing = 0;
		};
		1B5735941E73359700AFF3A2 /* Resources */ = {
			isa = PBXResourcesBuildPhase;
			buildActionMask = 2147483647;
			files = (
			);
			runOnlyForDeploymentPostprocessing = 0;
		};
		1B57359F1E73359700AFF3A2 /* Resources */ = {
			isa = PBXResourcesBuildPhase;
			buildActionMask = 2147483647;
			files = (
			);
			runOnlyForDeploymentPostprocessing = 0;
		};
/* End PBXResourcesBuildPhase section */

/* Begin PBXSourcesBuildPhase section */
		1B5735781E73359700AFF3A2 /* Sources */ = {
			isa = PBXSourcesBuildPhase;
			buildActionMask = 2147483647;
			files = (
				1B5735861E73359700AFF3A2 /* GameScene.swift in Sources */,
				1B5735881E73359700AFF3A2 /* GameViewController.swift in Sources */,
				1B5735801E73359700AFF3A2 /* AppDelegate.swift in Sources */,
			);
			runOnlyForDeploymentPostprocessing = 0;
		};
		1B5735921E73359700AFF3A2 /* Sources */ = {
			isa = PBXSourcesBuildPhase;
			buildActionMask = 2147483647;
			files = (
				1B57359B1E73359700AFF3A2 /* spaceTests.swift in Sources */,
			);
			runOnlyForDeploymentPostprocessing = 0;
		};
		1B57359D1E73359700AFF3A2 /* Sources */ = {
			isa = PBXSourcesBuildPhase;
			buildActionMask = 2147483647;
			files = (
				1B5735A61E73359700AFF3A2 /* spaceUITests.swift in Sources */,
			);
			runOnlyForDeploymentPostprocessing = 0;
		};
/* End PBXSourcesBuildPhase section */

/* Begin PBXTargetDependency section */
		1B5735981E73359700AFF3A2 /* PBXTargetDependency */ = {
			isa = PBXTargetDependency;
			target = 1B57357B1E73359700AFF3A2 /* space */;
			targetProxy = 1B5735971E73359700AFF3A2 /* PBXContainerItemProxy */;
		};
		1B5735A31E73359700AFF3A2 /* PBXTargetDependency */ = {
			isa = PBXTargetDependency;
			target = 1B57357B1E73359700AFF3A2 /* space */;
			targetProxy = 1B5735A21E73359700AFF3A2 /* PBXContainerItemProxy */;
		};
/* End PBXTargetDependency section */

/* Begin PBXVariantGroup section */
		1B5735891E73359700AFF3A2 /* Main.storyboard */ = {
			isa = PBXVariantGroup;
			children = (
				1B57358A1E73359700AFF3A2 /* Base */,
			);
			name = Main.storyboard;
			sourceTree = "<group>";
		};
		1B57358E1E73359700AFF3A2 /* LaunchScreen.storyboard */ = {
			isa = PBXVariantGroup;
			children = (
				1B57358F1E73359700AFF3A2 /* Base */,
			);
			name = LaunchScreen.storyboard;
			sourceTree = "<group>";
		};
/* End PBXVariantGroup section */

/* Begin XCBuildConfiguration section */
		1B5735A81E73359700AFF3A2 /* Debug */ = {
			isa = XCBuildConfiguration;
			buildSettings = {
				ALWAYS_SEARCH_USER_PATHS = NO;
				CLANG_ANALYZER_NONNULL = YES;
				CLANG_CXX_LANGUAGE_STANDARD = "gnu++0x";
				CLANG_CXX_LIBRARY = "libc++";
				CLANG_ENABLE_MODULES = YES;
				CLANG_ENABLE_OBJC_ARC = YES;
				CLANG_WARN_BOOL_CONVERSION = YES;
				CLANG_WARN_CONSTANT_CONVERSION = YES;
				CLANG_WARN_DIRECT_OBJC_ISA_USAGE = YES_ERROR;
				CLANG_WARN_DOCUMENTATION_COMMENTS = YES;
				CLANG_WARN_EMPTY_BODY = YES;
				CLANG_WARN_ENUM_CONVERSION = YES;
				CLANG_WARN_INFINITE_RECURSION = YES;
				CLANG_WARN_INT_CONVERSION = YES;
				CLANG_WARN_OBJC_ROOT_CLASS = YES_ERROR;
				CLANG_WARN_SUSPICIOUS_MOVE = YES;
				CLANG_WARN_UNREACHABLE_CODE = YES;
				CLANG_WARN__DUPLICATE_METHOD_MATCH = YES;
				"CODE_SIGN_IDENTITY[sdk=iphoneos*]" = "iPhone Developer";
				COPY_PHASE_STRIP = NO;
				DEBUG_INFORMATION_FORMAT = dwarf;
				ENABLE_STRICT_OBJC_MSGSEND = YES;
				ENABLE_TESTABILITY = YES;
				GCC_C_LANGUAGE_STANDARD = gnu99;
				GCC_DYNAMIC_NO_PIC = NO;
				GCC_NO_COMMON_BLOCKS = YES;
				GCC_OPTIMIZATION_LEVEL = 0;
				GCC_PREPROCESSOR_DEFINITIONS = (
					"DEBUG=1",
					"$(inherited)",
				);
				GCC_WARN_64_TO_32_BIT_CONVERSION = YES;
				GCC_WARN_ABOUT_RETURN_TYPE = YES_ERROR;
				GCC_WARN_UNDECLARED_SELECTOR = YES;
				GCC_WARN_UNINITIALIZED_AUTOS = YES_AGGRESSIVE;
				GCC_WARN_UNUSED_FUNCTION = YES;
				GCC_WARN_UNUSED_VARIABLE = YES;
				IPHONEOS_DEPLOYMENT_TARGET = 10.2;
				MTL_ENABLE_DEBUG_INFO = YES;
				ONLY_ACTIVE_ARCH = YES;
				SDKROOT = iphoneos;
				SWIFT_ACTIVE_COMPILATION_CONDITIONS = DEBUG;
				SWIFT_OPTIMIZATION_LEVEL = "-Onone";
				TARGETED_DEVICE_FAMILY = "1,2";
			};
			name = Debug;
		};
		1B5735A91E73359700AFF3A2 /* Release */ = {
			isa = XCBuildConfiguration;
			buildSettings = {
				ALWAYS_SEARCH_USER_PATHS = NO;
				CLANG_ANALYZER_NONNULL = YES;
				CLANG_CXX_LANGUAGE_STANDARD = "gnu++0x";
				CLANG_CXX_LIBRARY = "libc++";
				CLANG_ENABLE_MODULES = YES;
				CLANG_ENABLE_OBJC_ARC = YES;
				CLANG_WARN_BOOL_CONVERSION = YES;
				CLANG_WARN_CONSTANT_CONVERSION = YES;
				CLANG_WARN_DIRECT_OBJC_ISA_USAGE = YES_ERROR;
				CLANG_WARN_DOCUMENTATION_COMMENTS = YES;
				CLANG_WARN_EMPTY_BODY = YES;
				CLANG_WARN_ENUM_CONVERSION = YES;
				CLANG_WARN_INFINITE_RECURSION = YES;
				CLANG_WARN_INT_CONVERSION = YES;
				CLANG_WARN_OBJC_ROOT_CLASS = YES_ERROR;
				CLANG_WARN_SUSPICIOUS_MOVE = YES;
				CLANG_WARN_UNREACHABLE_CODE = YES;
				CLANG_WARN__DUPLICATE_METHOD_MATCH = YES;
				"CODE_SIGN_IDENTITY[sdk=iphoneos*]" = "iPhone Developer";
				COPY_PHASE_STRIP = NO;
				DEBUG_INFORMATION_FORMAT = "dwarf-with-dsym";
				ENABLE_NS_ASSERTIONS = NO;
				ENABLE_STRICT_OBJC_MSGSEND = YES;
				GCC_C_LANGUAGE_STANDARD = gnu99;
				GCC_NO_COMMON_BLOCKS = YES;
				GCC_WARN_64_TO_32_BIT_CONVERSION = YES;
				GCC_WARN_ABOUT_RETURN_TYPE = YES_ERROR;
				GCC_WARN_UNDECLARED_SELECTOR = YES;
				GCC_WARN_UNINITIALIZED_AUTOS = YES_AGGRESSIVE;
				GCC_WARN_UNUSED_FUNCTION = YES;
				GCC_WARN_UNUSED_VARIABLE = YES;
				IPHONEOS_DEPLOYMENT_TARGET = 10.2;
				MTL_ENABLE_DEBUG_INFO = NO;
				SDKROOT = iphoneos;
				SWIFT_OPTIMIZATION_LEVEL = "-Owholemodule";
				TARGETED_DEVICE_FAMILY = "1,2";
				VALIDATE_PRODUCT = YES;
			};
			name = Release;
		};
		1B5735AB1E73359700AFF3A2 /* Debug */ = {
			isa = XCBuildConfiguration;
			buildSettings = {
				ASSETCATALOG_COMPILER_APPICON_NAME = AppIcon;
				INFOPLIST_FILE = space/Info.plist;
				LD_RUNPATH_SEARCH_PATHS = "$(inherited) @executable_path/Frameworks";
				PRODUCT_BUNDLE_IDENTIFIER = com.justinchang.space;
				PRODUCT_NAME = "$(TARGET_NAME)";
				SWIFT_VERSION = 3.0;
			};
			name = Debug;
		};
		1B5735AC1E73359700AFF3A2 /* Release */ = {
			isa = XCBuildConfiguration;
			buildSettings = {
				ASSETCATALOG_COMPILER_APPICON_NAME = AppIcon;
				INFOPLIST_FILE = space/Info.plist;
				LD_RUNPATH_SEARCH_PATHS = "$(inherited) @executable_path/Frameworks";
				PRODUCT_BUNDLE_IDENTIFIER = com.justinchang.space;
				PRODUCT_NAME = "$(TARGET_NAME)";
				SWIFT_VERSION = 3.0;
			};
			name = Release;
		};
		1B5735AE1E73359700AFF3A2 /* Debug */ = {
			isa = XCBuildConfiguration;
			buildSettings = {
				ALWAYS_EMBED_SWIFT_STANDARD_LIBRARIES = YES;
				BUNDLE_LOADER = "$(TEST_HOST)";
				INFOPLIST_FILE = spaceTests/Info.plist;
				LD_RUNPATH_SEARCH_PATHS = "$(inherited) @executable_path/Frameworks @loader_path/Frameworks";
				PRODUCT_BUNDLE_IDENTIFIER = com.justinchang.spaceTests;
				PRODUCT_NAME = "$(TARGET_NAME)";
				SWIFT_VERSION = 3.0;
				TEST_HOST = "$(BUILT_PRODUCTS_DIR)/space.app/space";
			};
			name = Debug;
		};
		1B5735AF1E73359700AFF3A2 /* Release */ = {
			isa = XCBuildConfiguration;
			buildSettings = {
				ALWAYS_EMBED_SWIFT_STANDARD_LIBRARIES = YES;
				BUNDLE_LOADER = "$(TEST_HOST)";
				INFOPLIST_FILE = spaceTests/Info.plist;
				LD_RUNPATH_SEARCH_PATHS = "$(inherited) @executable_path/Frameworks @loader_path/Frameworks";
				PRODUCT_BUNDLE_IDENTIFIER = com.justinchang.spaceTests;
				PRODUCT_NAME = "$(TARGET_NAME)";
				SWIFT_VERSION = 3.0;
				TEST_HOST = "$(BUILT_PRODUCTS_DIR)/space.app/space";
			};
			name = Release;
		};
		1B5735B11E73359700AFF3A2 /* Debug */ = {
			isa = XCBuildConfiguration;
			buildSettings = {
				ALWAYS_EMBED_SWIFT_STANDARD_LIBRARIES = YES;
				INFOPLIST_FILE = spaceUITests/Info.plist;
				LD_RUNPATH_SEARCH_PATHS = "$(inherited) @executable_path/Frameworks @loader_path/Frameworks";
				PRODUCT_BUNDLE_IDENTIFIER = com.justinchang.spaceUITests;
				PRODUCT_NAME = "$(TARGET_NAME)";
				SWIFT_VERSION = 3.0;
				TEST_TARGET_NAME = space;
			};
			name = Debug;
		};
		1B5735B21E73359700AFF3A2 /* Release */ = {
			isa = XCBuildConfiguration;
			buildSettings = {
				ALWAYS_EMBED_SWIFT_STANDARD_LIBRARIES = YES;
				INFOPLIST_FILE = spaceUITests/Info.plist;
				LD_RUNPATH_SEARCH_PATHS = "$(inherited) @executable_path/Frameworks @loader_path/Frameworks";
				PRODUCT_BUNDLE_IDENTIFIER = com.justinchang.spaceUITests;
				PRODUCT_NAME = "$(TARGET_NAME)";
				SWIFT_VERSION = 3.0;
				TEST_TARGET_NAME = space;
			};
			name = Release;
		};
/* End XCBuildConfiguration section */

/* Begin XCConfigurationList section */
		1B5735771E73359700AFF3A2 /* Build configuration list for PBXProject "space" */ = {
			isa = XCConfigurationList;
			buildConfigurations = (
				1B5735A81E73359700AFF3A2 /* Debug */,
				1B5735A91E73359700AFF3A2 /* Release */,
			);
			defaultConfigurationIsVisible = 0;
			defaultConfigurationName = Release;
		};
		1B5735AA1E73359700AFF3A2 /* Build configuration list for PBXNativeTarget "space" */ = {
			isa = XCConfigurationList;
			buildConfigurations = (
				1B5735AB1E73359700AFF3A2 /* Debug */,
				1B5735AC1E73359700AFF3A2 /* Release */,
			);
			defaultConfigurationIsVisible = 0;
		};
		1B5735AD1E73359700AFF3A2 /* Build configuration list for PBXNativeTarget "spaceTests" */ = {
			isa = XCConfigurationList;
			buildConfigurations = (
				1B5735AE1E73359700AFF3A2 /* Debug */,
				1B5735AF1E73359700AFF3A2 /* Release */,
			);
			defaultConfigurationIsVisible = 0;
		};
		1B5735B01E73359700AFF3A2 /* Build configuration list for PBXNativeTarget "spaceUITests" */ = {
			isa = XCConfigurationList;
			buildConfigurations = (
				1B5735B11E73359700AFF3A2 /* Debug */,
				1B5735B21E73359700AFF3A2 /* Release */,
			);
			defaultConfigurationIsVisible = 0;
		};
/* End XCConfigurationList section */
	};
	rootObject = 1B5735741E73359700AFF3A2 /* Project object */;
}
