// !$*UTF8*$!
{
	archiveVersion = 1;
	classes = {
	};
	objectVersion = 46;
	objects = {

/* Begin PBXBuildFile section */
		1B083DB01E6F5663005DF389 /* AppDelegate.swift in Sources */ = {isa = PBXBuildFile; fileRef = 1B083DAF1E6F5663005DF389 /* AppDelegate.swift */; };
		1B083DB21E6F5663005DF389 /* ViewController.swift in Sources */ = {isa = PBXBuildFile; fileRef = 1B083DB11E6F5663005DF389 /* ViewController.swift */; };
		1B083DB51E6F5663005DF389 /* Main.storyboard in Resources */ = {isa = PBXBuildFile; fileRef = 1B083DB31E6F5663005DF389 /* Main.storyboard */; };
		1B083DB71E6F5663005DF389 /* Assets.xcassets in Resources */ = {isa = PBXBuildFile; fileRef = 1B083DB61E6F5663005DF389 /* Assets.xcassets */; };
		1B083DBA1E6F5663005DF389 /* LaunchScreen.storyboard in Resources */ = {isa = PBXBuildFile; fileRef = 1B083DB81E6F5663005DF389 /* LaunchScreen.storyboard */; };
		1B083DC51E6F5663005DF389 /* cold_call_v1Tests.swift in Sources */ = {isa = PBXBuildFile; fileRef = 1B083DC41E6F5663005DF389 /* cold_call_v1Tests.swift */; };
		1B083DD01E6F5663005DF389 /* cold_call_v1UITests.swift in Sources */ = {isa = PBXBuildFile; fileRef = 1B083DCF1E6F5663005DF389 /* cold_call_v1UITests.swift */; };
/* End PBXBuildFile section */

/* Begin PBXContainerItemProxy section */
		1B083DC11E6F5663005DF389 /* PBXContainerItemProxy */ = {
			isa = PBXContainerItemProxy;
			containerPortal = 1B083DA41E6F5663005DF389 /* Project object */;
			proxyType = 1;
			remoteGlobalIDString = 1B083DAB1E6F5663005DF389;
			remoteInfo = cold_call_v1;
		};
		1B083DCC1E6F5663005DF389 /* PBXContainerItemProxy */ = {
			isa = PBXContainerItemProxy;
			containerPortal = 1B083DA41E6F5663005DF389 /* Project object */;
			proxyType = 1;
			remoteGlobalIDString = 1B083DAB1E6F5663005DF389;
			remoteInfo = cold_call_v1;
		};
/* End PBXContainerItemProxy section */

/* Begin PBXFileReference section */
		1B083DAC1E6F5663005DF389 /* cold_call_v1.app */ = {isa = PBXFileReference; explicitFileType = wrapper.application; includeInIndex = 0; path = cold_call_v1.app; sourceTree = BUILT_PRODUCTS_DIR; };
		1B083DAF1E6F5663005DF389 /* AppDelegate.swift */ = {isa = PBXFileReference; lastKnownFileType = sourcecode.swift; path = AppDelegate.swift; sourceTree = "<group>"; };
		1B083DB11E6F5663005DF389 /* ViewController.swift */ = {isa = PBXFileReference; lastKnownFileType = sourcecode.swift; path = ViewController.swift; sourceTree = "<group>"; };
		1B083DB41E6F5663005DF389 /* Base */ = {isa = PBXFileReference; lastKnownFileType = file.storyboard; name = Base; path = Base.lproj/Main.storyboard; sourceTree = "<group>"; };
		1B083DB61E6F5663005DF389 /* Assets.xcassets */ = {isa = PBXFileReference; lastKnownFileType = folder.assetcatalog; path = Assets.xcassets; sourceTree = "<group>"; };
		1B083DB91E6F5663005DF389 /* Base */ = {isa = PBXFileReference; lastKnownFileType = file.storyboard; name = Base; path = Base.lproj/LaunchScreen.storyboard; sourceTree = "<group>"; };
		1B083DBB1E6F5663005DF389 /* Info.plist */ = {isa = PBXFileReference; lastKnownFileType = text.plist.xml; path = Info.plist; sourceTree = "<group>"; };
		1B083DC01E6F5663005DF389 /* cold_call_v1Tests.xctest */ = {isa = PBXFileReference; explicitFileType = wrapper.cfbundle; includeInIndex = 0; path = cold_call_v1Tests.xctest; sourceTree = BUILT_PRODUCTS_DIR; };
		1B083DC41E6F5663005DF389 /* cold_call_v1Tests.swift */ = {isa = PBXFileReference; lastKnownFileType = sourcecode.swift; path = cold_call_v1Tests.swift; sourceTree = "<group>"; };
		1B083DC61E6F5663005DF389 /* Info.plist */ = {isa = PBXFileReference; lastKnownFileType = text.plist.xml; path = Info.plist; sourceTree = "<group>"; };
		1B083DCB1E6F5663005DF389 /* cold_call_v1UITests.xctest */ = {isa = PBXFileReference; explicitFileType = wrapper.cfbundle; includeInIndex = 0; path = cold_call_v1UITests.xctest; sourceTree = BUILT_PRODUCTS_DIR; };
		1B083DCF1E6F5663005DF389 /* cold_call_v1UITests.swift */ = {isa = PBXFileReference; lastKnownFileType = sourcecode.swift; path = cold_call_v1UITests.swift; sourceTree = "<group>"; };
		1B083DD11E6F5663005DF389 /* Info.plist */ = {isa = PBXFileReference; lastKnownFileType = text.plist.xml; path = Info.plist; sourceTree = "<group>"; };
/* End PBXFileReference section */

/* Begin PBXFrameworksBuildPhase section */
		1B083DA91E6F5663005DF389 /* Frameworks */ = {
			isa = PBXFrameworksBuildPhase;
			buildActionMask = 2147483647;
			files = (
			);
			runOnlyForDeploymentPostprocessing = 0;
		};
		1B083DBD1E6F5663005DF389 /* Frameworks */ = {
			isa = PBXFrameworksBuildPhase;
			buildActionMask = 2147483647;
			files = (
			);
			runOnlyForDeploymentPostprocessing = 0;
		};
		1B083DC81E6F5663005DF389 /* Frameworks */ = {
			isa = PBXFrameworksBuildPhase;
			buildActionMask = 2147483647;
			files = (
			);
			runOnlyForDeploymentPostprocessing = 0;
		};
/* End PBXFrameworksBuildPhase section */

/* Begin PBXGroup section */
		1B083DA31E6F5663005DF389 = {
			isa = PBXGroup;
			children = (
				1B083DAE1E6F5663005DF389 /* cold_call_v1 */,
				1B083DC31E6F5663005DF389 /* cold_call_v1Tests */,
				1B083DCE1E6F5663005DF389 /* cold_call_v1UITests */,
				1B083DAD1E6F5663005DF389 /* Products */,
			);
			sourceTree = "<group>";
		};
		1B083DAD1E6F5663005DF389 /* Products */ = {
			isa = PBXGroup;
			children = (
				1B083DAC1E6F5663005DF389 /* cold_call_v1.app */,
				1B083DC01E6F5663005DF389 /* cold_call_v1Tests.xctest */,
				1B083DCB1E6F5663005DF389 /* cold_call_v1UITests.xctest */,
			);
			name = Products;
			sourceTree = "<group>";
		};
		1B083DAE1E6F5663005DF389 /* cold_call_v1 */ = {
			isa = PBXGroup;
			children = (
				1B083DAF1E6F5663005DF389 /* AppDelegate.swift */,
				1B083DB11E6F5663005DF389 /* ViewController.swift */,
				1B083DB31E6F5663005DF389 /* Main.storyboard */,
				1B083DB61E6F5663005DF389 /* Assets.xcassets */,
				1B083DB81E6F5663005DF389 /* LaunchScreen.storyboard */,
				1B083DBB1E6F5663005DF389 /* Info.plist */,
			);
			path = cold_call_v1;
			sourceTree = "<group>";
		};
		1B083DC31E6F5663005DF389 /* cold_call_v1Tests */ = {
			isa = PBXGroup;
			children = (
				1B083DC41E6F5663005DF389 /* cold_call_v1Tests.swift */,
				1B083DC61E6F5663005DF389 /* Info.plist */,
			);
			path = cold_call_v1Tests;
			sourceTree = "<group>";
		};
		1B083DCE1E6F5663005DF389 /* cold_call_v1UITests */ = {
			isa = PBXGroup;
			children = (
				1B083DCF1E6F5663005DF389 /* cold_call_v1UITests.swift */,
				1B083DD11E6F5663005DF389 /* Info.plist */,
			);
			path = cold_call_v1UITests;
			sourceTree = "<group>";
		};
/* End PBXGroup section */

/* Begin PBXNativeTarget section */
		1B083DAB1E6F5663005DF389 /* cold_call_v1 */ = {
			isa = PBXNativeTarget;
			buildConfigurationList = 1B083DD41E6F5663005DF389 /* Build configuration list for PBXNativeTarget "cold_call_v1" */;
			buildPhases = (
				1B083DA81E6F5663005DF389 /* Sources */,
				1B083DA91E6F5663005DF389 /* Frameworks */,
				1B083DAA1E6F5663005DF389 /* Resources */,
			);
			buildRules = (
			);
			dependencies = (
			);
			name = cold_call_v1;
			productName = cold_call_v1;
			productReference = 1B083DAC1E6F5663005DF389 /* cold_call_v1.app */;
			productType = "com.apple.product-type.application";
		};
		1B083DBF1E6F5663005DF389 /* cold_call_v1Tests */ = {
			isa = PBXNativeTarget;
			buildConfigurationList = 1B083DD71E6F5663005DF389 /* Build configuration list for PBXNativeTarget "cold_call_v1Tests" */;
			buildPhases = (
				1B083DBC1E6F5663005DF389 /* Sources */,
				1B083DBD1E6F5663005DF389 /* Frameworks */,
				1B083DBE1E6F5663005DF389 /* Resources */,
			);
			buildRules = (
			);
			dependencies = (
				1B083DC21E6F5663005DF389 /* PBXTargetDependency */,
			);
			name = cold_call_v1Tests;
			productName = cold_call_v1Tests;
			productReference = 1B083DC01E6F5663005DF389 /* cold_call_v1Tests.xctest */;
			productType = "com.apple.product-type.bundle.unit-test";
		};
		1B083DCA1E6F5663005DF389 /* cold_call_v1UITests */ = {
			isa = PBXNativeTarget;
			buildConfigurationList = 1B083DDA1E6F5663005DF389 /* Build configuration list for PBXNativeTarget "cold_call_v1UITests" */;
			buildPhases = (
				1B083DC71E6F5663005DF389 /* Sources */,
				1B083DC81E6F5663005DF389 /* Frameworks */,
				1B083DC91E6F5663005DF389 /* Resources */,
			);
			buildRules = (
			);
			dependencies = (
				1B083DCD1E6F5663005DF389 /* PBXTargetDependency */,
			);
			name = cold_call_v1UITests;
			productName = cold_call_v1UITests;
			productReference = 1B083DCB1E6F5663005DF389 /* cold_call_v1UITests.xctest */;
			productType = "com.apple.product-type.bundle.ui-testing";
		};
/* End PBXNativeTarget section */

/* Begin PBXProject section */
		1B083DA41E6F5663005DF389 /* Project object */ = {
			isa = PBXProject;
			attributes = {
				LastSwiftUpdateCheck = 0820;
				LastUpgradeCheck = 0820;
				ORGANIZATIONNAME = "Justin Chang";
				TargetAttributes = {
					1B083DAB1E6F5663005DF389 = {
						CreatedOnToolsVersion = 8.2.1;
						ProvisioningStyle = Automatic;
					};
					1B083DBF1E6F5663005DF389 = {
						CreatedOnToolsVersion = 8.2.1;
						ProvisioningStyle = Automatic;
						TestTargetID = 1B083DAB1E6F5663005DF389;
					};
					1B083DCA1E6F5663005DF389 = {
						CreatedOnToolsVersion = 8.2.1;
						ProvisioningStyle = Automatic;
						TestTargetID = 1B083DAB1E6F5663005DF389;
					};
				};
			};
			buildConfigurationList = 1B083DA71E6F5663005DF389 /* Build configuration list for PBXProject "cold_call_v1" */;
			compatibilityVersion = "Xcode 3.2";
			developmentRegion = English;
			hasScannedForEncodings = 0;
			knownRegions = (
				en,
				Base,
			);
			mainGroup = 1B083DA31E6F5663005DF389;
			productRefGroup = 1B083DAD1E6F5663005DF389 /* Products */;
			projectDirPath = "";
			projectRoot = "";
			targets = (
				1B083DAB1E6F5663005DF389 /* cold_call_v1 */,
				1B083DBF1E6F5663005DF389 /* cold_call_v1Tests */,
				1B083DCA1E6F5663005DF389 /* cold_call_v1UITests */,
			);
		};
/* End PBXProject section */

/* Begin PBXResourcesBuildPhase section */
		1B083DAA1E6F5663005DF389 /* Resources */ = {
			isa = PBXResourcesBuildPhase;
			buildActionMask = 2147483647;
			files = (
				1B083DBA1E6F5663005DF389 /* LaunchScreen.storyboard in Resources */,
				1B083DB71E6F5663005DF389 /* Assets.xcassets in Resources */,
				1B083DB51E6F5663005DF389 /* Main.storyboard in Resources */,
			);
			runOnlyForDeploymentPostprocessing = 0;
		};
		1B083DBE1E6F5663005DF389 /* Resources */ = {
			isa = PBXResourcesBuildPhase;
			buildActionMask = 2147483647;
			files = (
			);
			runOnlyForDeploymentPostprocessing = 0;
		};
		1B083DC91E6F5663005DF389 /* Resources */ = {
			isa = PBXResourcesBuildPhase;
			buildActionMask = 2147483647;
			files = (
			);
			runOnlyForDeploymentPostprocessing = 0;
		};
/* End PBXResourcesBuildPhase section */

/* Begin PBXSourcesBuildPhase section */
		1B083DA81E6F5663005DF389 /* Sources */ = {
			isa = PBXSourcesBuildPhase;
			buildActionMask = 2147483647;
			files = (
				1B083DB21E6F5663005DF389 /* ViewController.swift in Sources */,
				1B083DB01E6F5663005DF389 /* AppDelegate.swift in Sources */,
			);
			runOnlyForDeploymentPostprocessing = 0;
		};
		1B083DBC1E6F5663005DF389 /* Sources */ = {
			isa = PBXSourcesBuildPhase;
			buildActionMask = 2147483647;
			files = (
				1B083DC51E6F5663005DF389 /* cold_call_v1Tests.swift in Sources */,
			);
			runOnlyForDeploymentPostprocessing = 0;
		};
		1B083DC71E6F5663005DF389 /* Sources */ = {
			isa = PBXSourcesBuildPhase;
			buildActionMask = 2147483647;
			files = (
				1B083DD01E6F5663005DF389 /* cold_call_v1UITests.swift in Sources */,
			);
			runOnlyForDeploymentPostprocessing = 0;
		};
/* End PBXSourcesBuildPhase section */

/* Begin PBXTargetDependency section */
		1B083DC21E6F5663005DF389 /* PBXTargetDependency */ = {
			isa = PBXTargetDependency;
			target = 1B083DAB1E6F5663005DF389 /* cold_call_v1 */;
			targetProxy = 1B083DC11E6F5663005DF389 /* PBXContainerItemProxy */;
		};
		1B083DCD1E6F5663005DF389 /* PBXTargetDependency */ = {
			isa = PBXTargetDependency;
			target = 1B083DAB1E6F5663005DF389 /* cold_call_v1 */;
			targetProxy = 1B083DCC1E6F5663005DF389 /* PBXContainerItemProxy */;
		};
/* End PBXTargetDependency section */

/* Begin PBXVariantGroup section */
		1B083DB31E6F5663005DF389 /* Main.storyboard */ = {
			isa = PBXVariantGroup;
			children = (
				1B083DB41E6F5663005DF389 /* Base */,
			);
			name = Main.storyboard;
			sourceTree = "<group>";
		};
		1B083DB81E6F5663005DF389 /* LaunchScreen.storyboard */ = {
			isa = PBXVariantGroup;
			children = (
				1B083DB91E6F5663005DF389 /* Base */,
			);
			name = LaunchScreen.storyboard;
			sourceTree = "<group>";
		};
/* End PBXVariantGroup section */

/* Begin XCBuildConfiguration section */
		1B083DD21E6F5663005DF389 /* Debug */ = {
			isa = XCBuildConfiguration;
			buildSettings = {
				ALWAYS_SEARCH_USER_PATHS = NO;
				CLANG_ANALYZER_NONNULL = YES;
				CLANG_CXX_LANGUAGE_STANDARD = "gnu++0x";
				CLANG_CXX_LIBRARY = "libc++";
				CLANG_ENABLE_MODULES = YES;
				CLANG_ENABLE_OBJC_ARC = YES;
				CLANG_WARN_BOOL_CONVERSION = YES;
				CLANG_WARN_CONSTANT_CONVERSION = YES;
				CLANG_WARN_DIRECT_OBJC_ISA_USAGE = YES_ERROR;
				CLANG_WARN_DOCUMENTATION_COMMENTS = YES;
				CLANG_WARN_EMPTY_BODY = YES;
				CLANG_WARN_ENUM_CONVERSION = YES;
				CLANG_WARN_INFINITE_RECURSION = YES;
				CLANG_WARN_INT_CONVERSION = YES;
				CLANG_WARN_OBJC_ROOT_CLASS = YES_ERROR;
				CLANG_WARN_SUSPICIOUS_MOVE = YES;
				CLANG_WARN_UNREACHABLE_CODE = YES;
				CLANG_WARN__DUPLICATE_METHOD_MATCH = YES;
				"CODE_SIGN_IDENTITY[sdk=iphoneos*]" = "iPhone Developer";
				COPY_PHASE_STRIP = NO;
				DEBUG_INFORMATION_FORMAT = dwarf;
				ENABLE_STRICT_OBJC_MSGSEND = YES;
				ENABLE_TESTABILITY = YES;
				GCC_C_LANGUAGE_STANDARD = gnu99;
				GCC_DYNAMIC_NO_PIC = NO;
				GCC_NO_COMMON_BLOCKS = YES;
				GCC_OPTIMIZATION_LEVEL = 0;
				GCC_PREPROCESSOR_DEFINITIONS = (
					"DEBUG=1",
					"$(inherited)",
				);
				GCC_WARN_64_TO_32_BIT_CONVERSION = YES;
				GCC_WARN_ABOUT_RETURN_TYPE = YES_ERROR;
				GCC_WARN_UNDECLARED_SELECTOR = YES;
				GCC_WARN_UNINITIALIZED_AUTOS = YES_AGGRESSIVE;
				GCC_WARN_UNUSED_FUNCTION = YES;
				GCC_WARN_UNUSED_VARIABLE = YES;
				IPHONEOS_DEPLOYMENT_TARGET = 10.2;
				MTL_ENABLE_DEBUG_INFO = YES;
				ONLY_ACTIVE_ARCH = YES;
				SDKROOT = iphoneos;
				SWIFT_ACTIVE_COMPILATION_CONDITIONS = DEBUG;
				SWIFT_OPTIMIZATION_LEVEL = "-Onone";
				TARGETED_DEVICE_FAMILY = "1,2";
			};
			name = Debug;
		};
		1B083DD31E6F5663005DF389 /* Release */ = {
			isa = XCBuildConfiguration;
			buildSettings = {
				ALWAYS_SEARCH_USER_PATHS = NO;
				CLANG_ANALYZER_NONNULL = YES;
				CLANG_CXX_LANGUAGE_STANDARD = "gnu++0x";
				CLANG_CXX_LIBRARY = "libc++";
				CLANG_ENABLE_MODULES = YES;
				CLANG_ENABLE_OBJC_ARC = YES;
				CLANG_WARN_BOOL_CONVERSION = YES;
				CLANG_WARN_CONSTANT_CONVERSION = YES;
				CLANG_WARN_DIRECT_OBJC_ISA_USAGE = YES_ERROR;
				CLANG_WARN_DOCUMENTATION_COMMENTS = YES;
				CLANG_WARN_EMPTY_BODY = YES;
				CLANG_WARN_ENUM_CONVERSION = YES;
				CLANG_WARN_INFINITE_RECURSION = YES;
				CLANG_WARN_INT_CONVERSION = YES;
				CLANG_WARN_OBJC_ROOT_CLASS = YES_ERROR;
				CLANG_WARN_SUSPICIOUS_MOVE = YES;
				CLANG_WARN_UNREACHABLE_CODE = YES;
				CLANG_WARN__DUPLICATE_METHOD_MATCH = YES;
				"CODE_SIGN_IDENTITY[sdk=iphoneos*]" = "iPhone Developer";
				COPY_PHASE_STRIP = NO;
				DEBUG_INFORMATION_FORMAT = "dwarf-with-dsym";
				ENABLE_NS_ASSERTIONS = NO;
				ENABLE_STRICT_OBJC_MSGSEND = YES;
				GCC_C_LANGUAGE_STANDARD = gnu99;
				GCC_NO_COMMON_BLOCKS = YES;
				GCC_WARN_64_TO_32_BIT_CONVERSION = YES;
				GCC_WARN_ABOUT_RETURN_TYPE = YES_ERROR;
				GCC_WARN_UNDECLARED_SELECTOR = YES;
				GCC_WARN_UNINITIALIZED_AUTOS = YES_AGGRESSIVE;
				GCC_WARN_UNUSED_FUNCTION = YES;
				GCC_WARN_UNUSED_VARIABLE = YES;
				IPHONEOS_DEPLOYMENT_TARGET = 10.2;
				MTL_ENABLE_DEBUG_INFO = NO;
				SDKROOT = iphoneos;
				SWIFT_OPTIMIZATION_LEVEL = "-Owholemodule";
				TARGETED_DEVICE_FAMILY = "1,2";
				VALIDATE_PRODUCT = YES;
			};
			name = Release;
		};
		1B083DD51E6F5663005DF389 /* Debug */ = {
			isa = XCBuildConfiguration;
			buildSettings = {
				ASSETCATALOG_COMPILER_APPICON_NAME = AppIcon;
				INFOPLIST_FILE = cold_call_v1/Info.plist;
				LD_RUNPATH_SEARCH_PATHS = "$(inherited) @executable_path/Frameworks";
				PRODUCT_BUNDLE_IDENTIFIER = "com.justinchang.cold-call-v1";
				PRODUCT_NAME = "$(TARGET_NAME)";
				SWIFT_VERSION = 3.0;
			};
			name = Debug;
		};
		1B083DD61E6F5663005DF389 /* Release */ = {
			isa = XCBuildConfiguration;
			buildSettings = {
				ASSETCATALOG_COMPILER_APPICON_NAME = AppIcon;
				INFOPLIST_FILE = cold_call_v1/Info.plist;
				LD_RUNPATH_SEARCH_PATHS = "$(inherited) @executable_path/Frameworks";
				PRODUCT_BUNDLE_IDENTIFIER = "com.justinchang.cold-call-v1";
				PRODUCT_NAME = "$(TARGET_NAME)";
				SWIFT_VERSION = 3.0;
			};
			name = Release;
		};
		1B083DD81E6F5663005DF389 /* Debug */ = {
			isa = XCBuildConfiguration;
			buildSettings = {
				ALWAYS_EMBED_SWIFT_STANDARD_LIBRARIES = YES;
				BUNDLE_LOADER = "$(TEST_HOST)";
				INFOPLIST_FILE = cold_call_v1Tests/Info.plist;
				LD_RUNPATH_SEARCH_PATHS = "$(inherited) @executable_path/Frameworks @loader_path/Frameworks";
				PRODUCT_BUNDLE_IDENTIFIER = "com.justinchang.cold-call-v1Tests";
				PRODUCT_NAME = "$(TARGET_NAME)";
				SWIFT_VERSION = 3.0;
				TEST_HOST = "$(BUILT_PRODUCTS_DIR)/cold_call_v1.app/cold_call_v1";
			};
			name = Debug;
		};
		1B083DD91E6F5663005DF389 /* Release */ = {
			isa = XCBuildConfiguration;
			buildSettings = {
				ALWAYS_EMBED_SWIFT_STANDARD_LIBRARIES = YES;
				BUNDLE_LOADER = "$(TEST_HOST)";
				INFOPLIST_FILE = cold_call_v1Tests/Info.plist;
				LD_RUNPATH_SEARCH_PATHS = "$(inherited) @executable_path/Frameworks @loader_path/Frameworks";
				PRODUCT_BUNDLE_IDENTIFIER = "com.justinchang.cold-call-v1Tests";
				PRODUCT_NAME = "$(TARGET_NAME)";
				SWIFT_VERSION = 3.0;
				TEST_HOST = "$(BUILT_PRODUCTS_DIR)/cold_call_v1.app/cold_call_v1";
			};
			name = Release;
		};
		1B083DDB1E6F5663005DF389 /* Debug */ = {
			isa = XCBuildConfiguration;
			buildSettings = {
				ALWAYS_EMBED_SWIFT_STANDARD_LIBRARIES = YES;
				INFOPLIST_FILE = cold_call_v1UITests/Info.plist;
				LD_RUNPATH_SEARCH_PATHS = "$(inherited) @executable_path/Frameworks @loader_path/Frameworks";
				PRODUCT_BUNDLE_IDENTIFIER = "com.justinchang.cold-call-v1UITests";
				PRODUCT_NAME = "$(TARGET_NAME)";
				SWIFT_VERSION = 3.0;
				TEST_TARGET_NAME = cold_call_v1;
			};
			name = Debug;
		};
		1B083DDC1E6F5663005DF389 /* Release */ = {
			isa = XCBuildConfiguration;
			buildSettings = {
				ALWAYS_EMBED_SWIFT_STANDARD_LIBRARIES = YES;
				INFOPLIST_FILE = cold_call_v1UITests/Info.plist;
				LD_RUNPATH_SEARCH_PATHS = "$(inherited) @executable_path/Frameworks @loader_path/Frameworks";
				PRODUCT_BUNDLE_IDENTIFIER = "com.justinchang.cold-call-v1UITests";
				PRODUCT_NAME = "$(TARGET_NAME)";
				SWIFT_VERSION = 3.0;
				TEST_TARGET_NAME = cold_call_v1;
			};
			name = Release;
		};
/* End XCBuildConfiguration section */

/* Begin XCConfigurationList section */
		1B083DA71E6F5663005DF389 /* Build configuration list for PBXProject "cold_call_v1" */ = {
			isa = XCConfigurationList;
			buildConfigurations = (
				1B083DD21E6F5663005DF389 /* Debug */,
				1B083DD31E6F5663005DF389 /* Release */,
			);
			defaultConfigurationIsVisible = 0;
			defaultConfigurationName = Release;
		};
		1B083DD41E6F5663005DF389 /* Build configuration list for PBXNativeTarget "cold_call_v1" */ = {
			isa = XCConfigurationList;
			buildConfigurations = (
				1B083DD51E6F5663005DF389 /* Debug */,
				1B083DD61E6F5663005DF389 /* Release */,
			);
			defaultConfigurationIsVisible = 0;
		};
		1B083DD71E6F5663005DF389 /* Build configuration list for PBXNativeTarget "cold_call_v1Tests" */ = {
			isa = XCConfigurationList;
			buildConfigurations = (
				1B083DD81E6F5663005DF389 /* Debug */,
				1B083DD91E6F5663005DF389 /* Release */,
			);
			defaultConfigurationIsVisible = 0;
		};
		1B083DDA1E6F5663005DF389 /* Build configuration list for PBXNativeTarget "cold_call_v1UITests" */ = {
			isa = XCConfigurationList;
			buildConfigurations = (
				1B083DDB1E6F5663005DF389 /* Debug */,
				1B083DDC1E6F5663005DF389 /* Release */,
			);
			defaultConfigurationIsVisible = 0;
		};
/* End XCConfigurationList section */
	};
	rootObject = 1B083DA41E6F5663005DF389 /* Project object */;
}
